
Microsoft Visual Studio Solution File, Format Version 12.00
# Visual Studio Version 17
VisualStudioVersion = 17.11.35222.181
MinimumVisualStudioVersion = 10.0.40219.1
Project("{8BC9CEB8-8B4A-11D0-8D11-00A0C91BC942}") = "Treasure hunt SFML", "Treasure hunt SFML.vcxproj", "{E694BF66-FEE1-4BFA-8963-179FAF77D799}"
EndProject
Global
	GlobalSection(SolutionConfigurationPlatforms) = preSolution
		Debug|x64 = Debug|x64
		Debug|x86 = Debug|x86
		Release|x64 = Release|x64
		Release|x86 = Release|x86
	EndGlobalSection
	GlobalSection(ProjectConfigurationPlatforms) = postSolution
		{E694BF66-FEE1-4BFA-8963-179FAF77D799}.Debug|x64.ActiveCfg = Debug|x64
		{E694BF66-FEE1-4BFA-8963-179FAF77D799}.Debug|x64.Build.0 = Debug|x64
		{E694BF66-FEE1-4BFA-8963-179FAF77D799}.Debug|x86.ActiveCfg = Debug|Win32
		{E694BF66-FEE1-4BFA-8963-179FAF77D799}.Debug|x86.Build.0 = Debug|Win32
		{E694BF66-FEE1-4BFA-8963-179FAF77D799}.Release|x64.ActiveCfg = Release|x64
		{E694BF66-FEE1-4BFA-8963-179FAF77D799}.Release|x64.Build.0 = Release|x64
		{E694BF66-FEE1-4BFA-8963-179FAF77D799}.Release|x86.ActiveCfg = Release|Win32
		{E694BF66-FEE1-4BFA-8963-179FAF77D799}.Release|x86.Build.0 = Release|Win32
	EndGlobalSection
	GlobalSection(SolutionProperties) = preSolution
		HideSolutionNode = FALSE
	EndGlobalSection
	GlobalSection(ExtensibilityGlobals) = postSolution
		SolutionGuid = {76696C23-69C2-4BE6-9D61-340AFA2A12A9}
	EndGlobalSection
EndGlobal
